
Microsoft Visual Studio Solution File, Format Version 12.00
# Visual Studio Version 17
VisualStudioVersion = 17.13.35806.99 d17.13
MinimumVisualStudioVersion = 10.0.40219.1
Project("{FAE04EC0-301F-11D3-BF4B-00C04F79EFBC}") = "InspecTest", "InspecTest.csproj", "{92CF0753-2C3E-4801-B559-3D2E0142E915}"
EndProject
Project("{FAE04EC0-301F-11D3-BF4B-00C04F79EFBC}") = "InspecTest.Web", "..\InspecTest.Web\InspecTest.Web.csproj", "{4332BDC2-EADD-461C-BFB4-296955C60010}"
EndProject
Global
	GlobalSection(SolutionConfigurationPlatforms) = preSolution
		Debug|Any CPU = Debug|Any CPU
		Release|Any CPU = Release|Any CPU
	EndGlobalSection
	GlobalSection(ProjectConfigurationPlatforms) = postSolution
		{92CF0753-2C3E-4801-B559-3D2E0142E915}.Debug|Any CPU.ActiveCfg = Debug|Any CPU
		{92CF0753-2C3E-4801-B559-3D2E0142E915}.Debug|Any CPU.Build.0 = Debug|Any CPU
		{92CF0753-2C3E-4801-B559-3D2E0142E915}.Release|Any CPU.ActiveCfg = Release|Any CPU
		{92CF0753-2C3E-4801-B559-3D2E0142E915}.Release|Any CPU.Build.0 = Release|Any CPU
		{4332BDC2-EADD-461C-BFB4-296955C60010}.Debug|Any CPU.ActiveCfg = Debug|Any CPU
		{4332BDC2-EADD-461C-BFB4-296955C60010}.Debug|Any CPU.Build.0 = Debug|Any CPU
		{4332BDC2-EADD-461C-BFB4-296955C60010}.Release|Any CPU.ActiveCfg = Release|Any CPU
		{4332BDC2-EADD-461C-BFB4-296955C60010}.Release|Any CPU.Build.0 = Release|Any CPU
	EndGlobalSection
	GlobalSection(SolutionProperties) = preSolution
		HideSolutionNode = FALSE
	EndGlobalSection
	GlobalSection(ExtensibilityGlobals) = postSolution
		SolutionGuid = {B50137E0-40D4-4CA3-AD7D-368A8C4505AD}
	EndGlobalSection
EndGlobal
